# This file is generated by `embr install`; do not edit it manually.
version = 2

[[package]]
name = "chief/core"
version = "0.2.0"
environment = "roblox"
link = "core"
index = "https://github.com/ember-luau/index"
type = "tar-gz"
url = "https://cdn.luaupm.com/chief/core/0.2.0.tar.gz"

[[package]]
name = "synttx/vow"
version = "1.0.2"
environment = "roblox"
link = "vow"
index = "https://github.com/UpliftGames/wally-index"
type = "zip"
url = "https://api.wally.run/v1/package-contents/synttx/vow/1.0.2"
